<?xml version="1.0" encoding="utf-8"?>
<Project ToolsVersion="4.0" xmlns="http://schemas.microsoft.com/developer/msbuild/2003">
  <ItemGroup>
    <Filter Include="godmode.engine.directx">
      <UniqueIdentifier>{843533b6-f485-442b-ba54-e2ea1bcd9c8c}</UniqueIdentifier>
    </Filter>
    <Filter Include="godmode.engine.directx\entity">
      <UniqueIdentifier>{1d4666c7-3e41-4aed-a5c5-5bd156570e43}</UniqueIdentifier>
    </Filter>
    <Filter Include="godmode.engine.directx\entity\_3d">
      <UniqueIdentifier>{fb3546ff-3328-4496-95b9-35822b16a561}</UniqueIdentifier>
    </Filter>
    <Filter Include="snippets">
      <UniqueIdentifier>{62368488-67b0-439b-ba99-e426940a44c6}</UniqueIdentifier>
    </Filter>
    <Filter Include="config">
      <UniqueIdentifier>{21835581-cf2b-4907-b4cc-a4fdc2837d57}</UniqueIdentifier>
    </Filter>
  </ItemGroup>
  <ItemGroup>
    <ClCompile Include="godmode.engine.directx\entity\_3d\DxObject3d_Test.cpp">
      <Filter>godmode.engine.directx\entity\_3d</Filter>
    </ClCompile>
    <ClCompile Include="main.cpp" />
    <ClCompile Include="test.cpp" />
  </ItemGroup>
  <ItemGroup>
    <ClInclude Include="snippets\EmptyApp_Snippet.h">
      <Filter>snippets</Filter>
    </ClInclude>
  </ItemGroup>
  <ItemGroup>
    <None Include="config\graphics.json">
      <Filter>config</Filter>
    </None>
    <None Include="config\system.json">
      <Filter>config</Filter>
    </None>
  </ItemGroup>
</Project>